
Microsoft Visual Studio Solution File, Format Version 12.00
# Visual Studio Version 17
VisualStudioVersion = 17.8.34511.84
MinimumVisualStudioVersion = 10.0.40219.1
Project("{FAE04EC0-301F-11D3-BF4B-00C04F79EFBC}") = "MagellanTest", "MagellanTest\MagellanTest.csproj", "{AC6D199A-C1F7-49D1-958F-DB6F1062334E}"
EndProject
Global
	GlobalSection(SolutionConfigurationPlatforms) = preSolution
		Debug|Any CPU = Debug|Any CPU
		Release|Any CPU = Release|Any CPU
	EndGlobalSection
	GlobalSection(ProjectConfigurationPlatforms) = postSolution
		{AC6D199A-C1F7-49D1-958F-DB6F1062334E}.Debug|Any CPU.ActiveCfg = Debug|Any CPU
		{AC6D199A-C1F7-49D1-958F-DB6F1062334E}.Debug|Any CPU.Build.0 = Debug|Any CPU
		{AC6D199A-C1F7-49D1-958F-DB6F1062334E}.Release|Any CPU.ActiveCfg = Release|Any CPU
		{AC6D199A-C1F7-49D1-958F-DB6F1062334E}.Release|Any CPU.Build.0 = Release|Any CPU
	EndGlobalSection
	GlobalSection(SolutionProperties) = preSolution
		HideSolutionNode = FALSE
	EndGlobalSection
	GlobalSection(ExtensibilityGlobals) = postSolution
		SolutionGuid = {AC0413E5-7101-4F7D-9E48-0408AB130A33}
	EndGlobalSection
EndGlobal
